
Microsoft Visual Studio Solution File, Format Version 12.00
# Visual Studio Version 17
VisualStudioVersion = 17.3.32922.545
MinimumVisualStudioVersion = 10.0.40219.1
Project("{FAE04EC0-301F-11D3-BF4B-00C04F79EFBC}") = "Sharpnado.CollectionView.Maui", "Sharpnado.CollectionView.Maui.csproj", "{4E3A6016-0C01-4A97-B799-AE4618E8DB5D}"
EndProject
Global
	GlobalSection(SolutionConfigurationPlatforms) = preSolution
		Debug|Any CPU = Debug|Any CPU
		Release|Any CPU = Release|Any CPU
	EndGlobalSection
	GlobalSection(ProjectConfigurationPlatforms) = postSolution
		{4E3A6016-0C01-4A97-B799-AE4618E8DB5D}.Debug|Any CPU.ActiveCfg = Debug|Any CPU
		{4E3A6016-0C01-4A97-B799-AE4618E8DB5D}.Debug|Any CPU.Build.0 = Debug|Any CPU
		{4E3A6016-0C01-4A97-B799-AE4618E8DB5D}.Release|Any CPU.ActiveCfg = Release|Any CPU
		{4E3A6016-0C01-4A97-B799-AE4618E8DB5D}.Release|Any CPU.Build.0 = Release|Any CPU
	EndGlobalSection
	GlobalSection(SolutionProperties) = preSolution
		HideSolutionNode = FALSE
	EndGlobalSection
	GlobalSection(ExtensibilityGlobals) = postSolution
		SolutionGuid = {3706BCC8-D5C6-422A-BE71-059FD5D4A272}
	EndGlobalSection
EndGlobal
